
Microsoft Visual Studio Solution File, Format Version 12.00
# Visual Studio Version 17
VisualStudioVersion = 17.12.35521.163 d17.12
MinimumVisualStudioVersion = 10.0.40219.1
Project("{FAE04EC0-301F-11D3-BF4B-00C04F79EFBC}") = "Demo", "Demo\Demo.csproj", "{A7C09891-C4DE-435C-9E36-C08AF4223C21}"
EndProject
Project("{FAE04EC0-301F-11D3-BF4B-00C04F79EFBC}") = "Assignment 01", "Assignment 01\Assignment 01.csproj", "{D735DF45-768B-44E1-BA19-276FB6823EC5}"
EndProject
Global
	GlobalSection(SolutionConfigurationPlatforms) = preSolution
		Debug|Any CPU = Debug|Any CPU
		Release|Any CPU = Release|Any CPU
	EndGlobalSection
	GlobalSection(ProjectConfigurationPlatforms) = postSolution
		{A7C09891-C4DE-435C-9E36-C08AF4223C21}.Debug|Any CPU.ActiveCfg = Debug|Any CPU
		{A7C09891-C4DE-435C-9E36-C08AF4223C21}.Debug|Any CPU.Build.0 = Debug|Any CPU
		{A7C09891-C4DE-435C-9E36-C08AF4223C21}.Release|Any CPU.ActiveCfg = Release|Any CPU
		{A7C09891-C4DE-435C-9E36-C08AF4223C21}.Release|Any CPU.Build.0 = Release|Any CPU
		{D735DF45-768B-44E1-BA19-276FB6823EC5}.Debug|Any CPU.ActiveCfg = Debug|Any CPU
		{D735DF45-768B-44E1-BA19-276FB6823EC5}.Debug|Any CPU.Build.0 = Debug|Any CPU
		{D735DF45-768B-44E1-BA19-276FB6823EC5}.Release|Any CPU.ActiveCfg = Release|Any CPU
		{D735DF45-768B-44E1-BA19-276FB6823EC5}.Release|Any CPU.Build.0 = Release|Any CPU
	EndGlobalSection
	GlobalSection(SolutionProperties) = preSolution
		HideSolutionNode = FALSE
	EndGlobalSection
EndGlobal
